{
    "name": "opmuse",
    "requires": true,
    "lockfileVersion": 1,
    "dependencies": {
        "amdefine": {
            "version": "1.0.0",
            "resolved": "https://registry.npmjs.org/amdefine/-/amdefine-1.0.0.tgz",
            "integrity": "sha1-/RdHRwDLXMnCtwnwvp0jzjwZjDM="
        },
        "ansi-regex": {
            "version": "2.0.0",
            "resolved": "https://registry.npmjs.org/ansi-regex/-/ansi-regex-2.0.0.tgz",
            "integrity": "sha1-xQYbbg74qBd15Q9dZhUb9r83EQc="
        },
        "ansi-styles": {
            "version": "2.1.0",
            "resolved": "https://registry.npmjs.org/ansi-styles/-/ansi-styles-2.1.0.tgz",
            "integrity": "sha1-mQ90cUaSe1Wakyv5KVkWPWDA0OI=",
            "optional": true
        },
        "asap": {
            "version": "1.0.0",
            "resolved": "https://registry.npmjs.org/asap/-/asap-1.0.0.tgz",
            "integrity": "sha1-sqRdpf36ILBJb8N2jMJ8EvqRan0=",
            "optional": true
        },
        "asn1": {
            "version": "0.2.3",
            "resolved": "https://registry.npmjs.org/asn1/-/asn1-0.2.3.tgz",
            "integrity": "sha1-2sh4dxPJlmhJ/IGAd36+nB3fO4Y=",
            "optional": true
        },
        "assert-plus": {
            "version": "0.2.0",
            "resolved": "https://registry.npmjs.org/assert-plus/-/assert-plus-0.2.0.tgz",
            "integrity": "sha1-104bh+ev/A24qttwIfP+SBAasjQ="
        },
        "async": {
            "version": "1.5.2",
            "resolved": "https://registry.npmjs.org/async/-/async-1.5.2.tgz",
            "integrity": "sha1-7GphrlZIDAw8skHJVhjiCJL5Zyo=",
            "optional": true
        },
        "aws-sign2": {
            "version": "0.6.0",
            "resolved": "https://registry.npmjs.org/aws-sign2/-/aws-sign2-0.6.0.tgz",
            "integrity": "sha1-FDQt0428yU0OW4fXY81jYSwOeU8=",
            "optional": true
        },
        "aws4": {
            "version": "1.2.1",
            "resolved": "https://registry.npmjs.org/aws4/-/aws4-1.2.1.tgz",
            "integrity": "sha1-UrVlmk0yWD1AX2XhEkrENtB/5aw=",
            "optional": true,
            "requires": {
                "lru-cache": "^2.6.5"
            }
        },
        "balanced-match": {
            "version": "0.2.0",
            "resolved": "https://registry.npmjs.org/balanced-match/-/balanced-match-0.2.0.tgz",
            "integrity": "sha1-OPZzDAOqttXtu1K9k0iF51bXFnQ="
        },
        "bl": {
            "version": "1.0.3",
            "resolved": "https://registry.npmjs.org/bl/-/bl-1.0.3.tgz",
            "integrity": "sha1-/FQhoo/UImA2w7OJGmaiW8ZNIm4=",
            "optional": true,
            "requires": {
                "readable-stream": "~2.0.5"
            }
        },
        "boom": {
            "version": "2.10.1",
            "resolved": "https://registry.npmjs.org/boom/-/boom-2.10.1.tgz",
            "integrity": "sha1-OciRjO/1eZ+D+UkqhI9iWt0Mdm8=",
            "requires": {
                "hoek": "2.x.x"
            }
        },
        "bower": {
            "version": "1.8.4",
            "resolved": "https://registry.npmjs.org/bower/-/bower-1.8.4.tgz",
            "integrity": "sha1-54dqB23rgTf30GUl3F6MZtuC8oo="
        },
        "brace-expansion": {
            "version": "1.1.0",
            "resolved": "https://registry.npmjs.org/brace-expansion/-/brace-expansion-1.1.0.tgz",
            "integrity": "sha1-ybfQPAPze8cEvhAOUitA249s/Nk=",
            "requires": {
                "balanced-match": "^0.2.0",
                "concat-map": "0.0.1"
            }
        },
        "caseless": {
            "version": "0.11.0",
            "resolved": "https://registry.npmjs.org/caseless/-/caseless-0.11.0.tgz",
            "integrity": "sha1-cVuW6phBWTzDMGeSP17GDr2k99c=",
            "optional": true
        },
        "chalk": {
            "version": "1.1.1",
            "resolved": "https://registry.npmjs.org/chalk/-/chalk-1.1.1.tgz",
            "integrity": "sha1-UJr7ZwZudJn36zU1x3RFdyri0Bk=",
            "optional": true,
            "requires": {
                "ansi-styles": "^2.1.0",
                "escape-string-regexp": "^1.0.2",
                "has-ansi": "^2.0.0",
                "strip-ansi": "^3.0.0",
                "supports-color": "^2.0.0"
            }
        },
        "combined-stream": {
            "version": "1.0.5",
            "resolved": "https://registry.npmjs.org/combined-stream/-/combined-stream-1.0.5.tgz",
            "integrity": "sha1-k4NwpXtKUd6ix3wV1cX9+JUWQAk=",
            "requires": {
                "delayed-stream": "~1.0.0"
            }
        },
        "commander": {
            "version": "2.6.0",
            "resolved": "https://registry.npmjs.org/commander/-/commander-2.6.0.tgz",
            "integrity": "sha1-nfflL7Kgyw+4kFjugMMQQiXzfh0="
        },
        "concat-map": {
            "version": "0.0.1",
            "resolved": "https://registry.npmjs.org/concat-map/-/concat-map-0.0.1.tgz",
            "integrity": "sha1-2Klr13/Wjfd5OnMDajug1UBdR3s="
        },
        "core-util-is": {
            "version": "1.0.2",
            "resolved": "https://registry.npmjs.org/core-util-is/-/core-util-is-1.0.2.tgz",
            "integrity": "sha1-tf1UIgqivFq1eqtxQMlAdUUDwac=",
            "optional": true
        },
        "cryptiles": {
            "version": "2.0.5",
            "resolved": "https://registry.npmjs.org/cryptiles/-/cryptiles-2.0.5.tgz",
            "integrity": "sha1-O9/s3GCBR8HGcgL6KR59ylnqo7g=",
            "optional": true,
            "requires": {
                "boom": "2.x.x"
            }
        },
        "dashdash": {
            "version": "1.13.0",
            "resolved": "https://registry.npmjs.org/dashdash/-/dashdash-1.13.0.tgz",
            "integrity": "sha1-parm/Z2OFWYk6w3ZJZ6xK6JFOFo=",
            "optional": true,
            "requires": {
                "assert-plus": "^1.0.0"
            },
            "dependencies": {
                "assert-plus": {
                    "version": "1.0.0",
                    "resolved": "https://registry.npmjs.org/assert-plus/-/assert-plus-1.0.0.tgz",
                    "integrity": "sha1-8S4PPF13sLHN2RRpQuTpbB5N1SU=",
                    "optional": true
                }
            }
        },
        "delayed-stream": {
            "version": "1.0.0",
            "resolved": "https://registry.npmjs.org/delayed-stream/-/delayed-stream-1.0.0.tgz",
            "integrity": "sha1-3zrhmayt+31ECqrgsp4icrJOxhk="
        },
        "ecc-jsbn": {
            "version": "0.1.1",
            "resolved": "https://registry.npmjs.org/ecc-jsbn/-/ecc-jsbn-0.1.1.tgz",
            "integrity": "sha1-D8c6ntXw1Tw4GTOYUj735UN3dQU=",
            "optional": true,
            "requires": {
                "jsbn": "~0.1.0"
            }
        },
        "errno": {
            "version": "0.1.4",
            "resolved": "https://registry.npmjs.org/errno/-/errno-0.1.4.tgz",
            "integrity": "sha1-uJbiOp5ei6M4cfyZar02NfyaHH0=",
            "optional": true,
            "requires": {
                "prr": "~0.0.0"
            }
        },
        "escape-string-regexp": {
            "version": "1.0.4",
            "resolved": "https://registry.npmjs.org/escape-string-regexp/-/escape-string-regexp-1.0.4.tgz",
            "integrity": "sha1-uF5nm0b3LQP7voo79yWdU1whti8=",
            "optional": true
        },
        "extend": {
            "version": "3.0.0",
            "resolved": "https://registry.npmjs.org/extend/-/extend-3.0.0.tgz",
            "integrity": "sha1-WkdDU7nzNT3dgXbf03uRyDpG8dQ=",
            "optional": true
        },
        "extsprintf": {
            "version": "1.0.2",
            "resolved": "https://registry.npmjs.org/extsprintf/-/extsprintf-1.0.2.tgz",
            "integrity": "sha1-4QgOBljjALBilJkMxw4VAiNf1VA="
        },
        "forever-agent": {
            "version": "0.6.1",
            "resolved": "https://registry.npmjs.org/forever-agent/-/forever-agent-0.6.1.tgz",
            "integrity": "sha1-+8cfDEGt6zf5bFd60e1C2P2sypE=",
            "optional": true
        },
        "form-data": {
            "version": "1.0.0-rc3",
            "resolved": "https://registry.npmjs.org/form-data/-/form-data-1.0.0-rc3.tgz",
            "integrity": "sha1-01vGLn+8KTeuePlIqqDTjZBgdXc=",
            "optional": true,
            "requires": {
                "async": "^1.4.0",
                "combined-stream": "^1.0.5",
                "mime-types": "^2.1.3"
            }
        },
        "generate-function": {
            "version": "2.0.0",
            "resolved": "https://registry.npmjs.org/generate-function/-/generate-function-2.0.0.tgz",
            "integrity": "sha1-aFj+fAlpt9TpCTM3ZHrHn2DfvnQ=",
            "optional": true
        },
        "generate-object-property": {
            "version": "1.2.0",
            "resolved": "https://registry.npmjs.org/generate-object-property/-/generate-object-property-1.2.0.tgz",
            "integrity": "sha1-nA4cQDCM6AT0eDYYuTf6iPmdUNA=",
            "optional": true,
            "requires": {
                "is-property": "^1.0.0"
            }
        },
        "graceful-fs": {
            "version": "3.0.8",
            "resolved": "https://registry.npmjs.org/graceful-fs/-/graceful-fs-3.0.8.tgz",
            "integrity": "sha1-zoE+cl+oL35hR9UcmlymgnBVHCI=",
            "optional": true
        },
        "graceful-readlink": {
            "version": "1.0.1",
            "resolved": "https://registry.npmjs.org/graceful-readlink/-/graceful-readlink-1.0.1.tgz",
            "integrity": "sha1-TK+tdrxi8C+gObL5Tpo906ORpyU=",
            "optional": true
        },
        "har-validator": {
            "version": "2.0.6",
            "resolved": "https://registry.npmjs.org/har-validator/-/har-validator-2.0.6.tgz",
            "integrity": "sha1-zcvAgYgmWtEZtqWnyKtw7s+10n0=",
            "optional": true,
            "requires": {
                "chalk": "^1.1.1",
                "commander": "^2.9.0",
                "is-my-json-valid": "^2.12.4",
                "pinkie-promise": "^2.0.0"
            },
            "dependencies": {
                "commander": {
                    "version": "2.9.0",
                    "resolved": "https://registry.npmjs.org/commander/-/commander-2.9.0.tgz",
                    "integrity": "sha1-nJkJQXbhIkDLItbFFGCYQA/g99Q=",
                    "optional": true,
                    "requires": {
                        "graceful-readlink": ">= 1.0.0"
                    }
                }
            }
        },
        "has-ansi": {
            "version": "2.0.0",
            "resolved": "https://registry.npmjs.org/has-ansi/-/has-ansi-2.0.0.tgz",
            "integrity": "sha1-NPUEnOHs3ysGSa8+8k5F7TVBbZE=",
            "optional": true,
            "requires": {
                "ansi-regex": "^2.0.0"
            }
        },
        "hawk": {
            "version": "3.1.3",
            "resolved": "https://registry.npmjs.org/hawk/-/hawk-3.1.3.tgz",
            "integrity": "sha1-B4REvXwWQLD+VA0sm3PVlnjo4cQ=",
            "optional": true,
            "requires": {
                "boom": "2.x.x",
                "cryptiles": "2.x.x",
                "hoek": "2.x.x",
                "sntp": "1.x.x"
            }
        },
        "hoek": {
            "version": "2.16.3",
            "resolved": "https://registry.npmjs.org/hoek/-/hoek-2.16.3.tgz",
            "integrity": "sha1-ILt0A9POo5jpHcRxCo/xuCdKJe0="
        },
        "http-signature": {
            "version": "1.1.1",
            "resolved": "https://registry.npmjs.org/http-signature/-/http-signature-1.1.1.tgz",
            "integrity": "sha1-33LiZwZs0Kxn+3at+OE0qPvPkb8=",
            "optional": true,
            "requires": {
                "assert-plus": "^0.2.0",
                "jsprim": "^1.2.2",
                "sshpk": "^1.7.0"
            }
        },
        "image-size": {
            "version": "0.3.5",
            "resolved": "https://registry.npmjs.org/image-size/-/image-size-0.3.5.tgz",
            "integrity": "sha1-gyQOqy+1sAsEqrjHSwRx6cunrYw=",
            "optional": true
        },
        "inflight": {
            "version": "1.0.4",
            "resolved": "https://registry.npmjs.org/inflight/-/inflight-1.0.4.tgz",
            "integrity": "sha1-bLtFIevVHODsCpNr/XZX736bFyo=",
            "requires": {
                "once": "^1.3.0",
                "wrappy": "1"
            }
        },
        "inherits": {
            "version": "2.0.1",
            "resolved": "https://registry.npmjs.org/inherits/-/inherits-2.0.1.tgz",
            "integrity": "sha1-sX0I0ya0Qj5Wjv9xn5GwscvfafE="
        },
        "is-my-json-valid": {
            "version": "2.13.0",
            "resolved": "https://registry.npmjs.org/is-my-json-valid/-/is-my-json-valid-2.13.0.tgz",
            "integrity": "sha1-En458wV+DXgTRx0bqrPCRvyHRjQ=",
            "optional": true,
            "requires": {
                "generate-function": "^2.0.0",
                "generate-object-property": "^1.1.0",
                "jsonpointer": "2.0.0",
                "xtend": "^4.0.0"
            }
        },
        "is-property": {
            "version": "1.0.2",
            "resolved": "https://registry.npmjs.org/is-property/-/is-property-1.0.2.tgz",
            "integrity": "sha1-V/4cTkhHTt1lsJkR8msc1Ald2oQ=",
            "optional": true
        },
        "is-typedarray": {
            "version": "1.0.0",
            "resolved": "https://registry.npmjs.org/is-typedarray/-/is-typedarray-1.0.0.tgz",
            "integrity": "sha1-5HnICFjfDBsR3dppQPlgEfzaSpo=",
            "optional": true
        },
        "isarray": {
            "version": "0.0.1",
            "resolved": "https://registry.npmjs.org/isarray/-/isarray-0.0.1.tgz",
            "integrity": "sha1-ihis/Kmo9Bd+Cav8YDiTmwXR7t8=",
            "optional": true
        },
        "isstream": {
            "version": "0.1.2",
            "resolved": "https://registry.npmjs.org/isstream/-/isstream-0.1.2.tgz",
            "integrity": "sha1-R+Y/evVa+m+S4VAOaQ64uFKcCZo=",
            "optional": true
        },
        "jodid25519": {
            "version": "1.0.2",
            "resolved": "https://registry.npmjs.org/jodid25519/-/jodid25519-1.0.2.tgz",
            "integrity": "sha1-BtSRIlUJNBlHfUJWM2BuDpB4KWc=",
            "optional": true,
            "requires": {
                "jsbn": "~0.1.0"
            }
        },
        "jsbn": {
            "version": "0.1.0",
            "resolved": "https://registry.npmjs.org/jsbn/-/jsbn-0.1.0.tgz",
            "integrity": "sha1-ZQmH2g3XT06/WhE3eiqi0nPpff0=",
            "optional": true
        },
        "json-schema": {
            "version": "0.2.2",
            "resolved": "https://registry.npmjs.org/json-schema/-/json-schema-0.2.2.tgz",
            "integrity": "sha1-UDVPGfYDkXxpX3C4Wvp3w7DyNQY=",
            "optional": true
        },
        "json-stringify-safe": {
            "version": "5.0.1",
            "resolved": "https://registry.npmjs.org/json-stringify-safe/-/json-stringify-safe-5.0.1.tgz",
            "integrity": "sha1-Epai1Y/UXxmg9s4B1lcB4sc1tus=",
            "optional": true
        },
        "jsonpointer": {
            "version": "2.0.0",
            "resolved": "https://registry.npmjs.org/jsonpointer/-/jsonpointer-2.0.0.tgz",
            "integrity": "sha1-OvHdIP6FRjkQ1GmjheMwF9KgMNk=",
            "optional": true
        },
        "jsprim": {
            "version": "1.2.2",
            "resolved": "https://registry.npmjs.org/jsprim/-/jsprim-1.2.2.tgz",
            "integrity": "sha1-8gyQaskqvVjjt5rIvHCkiDJRLaE=",
            "optional": true,
            "requires": {
                "extsprintf": "1.0.2",
                "json-schema": "0.2.2",
                "verror": "1.3.6"
            }
        },
        "less": {
            "version": "2.6.0",
            "resolved": "https://registry.npmjs.org/less/-/less-2.6.0.tgz",
            "integrity": "sha1-uky/TOWiCPJm71nu8uxAmtEESWY=",
            "requires": {
                "errno": "^0.1.1",
                "graceful-fs": "^3.0.5",
                "image-size": "~0.3.5",
                "mime": "^1.2.11",
                "mkdirp": "^0.5.0",
                "promise": "^6.0.1",
                "request": "^2.51.0",
                "source-map": "^0.4.2"
            }
        },
        "lru-cache": {
            "version": "2.7.3",
            "resolved": "https://registry.npmjs.org/lru-cache/-/lru-cache-2.7.3.tgz",
            "integrity": "sha1-bUUk6LlV+V1PW1iFHOId1y+06VI=",
            "optional": true
        },
        "mime": {
            "version": "1.3.4",
            "resolved": "https://registry.npmjs.org/mime/-/mime-1.3.4.tgz",
            "integrity": "sha1-EV+eO2s9rylZmDyzjxSaLUDrXVM=",
            "optional": true
        },
        "mime-db": {
            "version": "1.22.0",
            "resolved": "https://registry.npmjs.org/mime-db/-/mime-db-1.22.0.tgz",
            "integrity": "sha1-qyOmNy3J2G09yRIb0OvTgQWhkEo="
        },
        "mime-types": {
            "version": "2.1.10",
            "resolved": "https://registry.npmjs.org/mime-types/-/mime-types-2.1.10.tgz",
            "integrity": "sha1-uTx8tDYuFtQQcqflRTj7TUMHCDc=",
            "requires": {
                "mime-db": "~1.22.0"
            }
        },
        "minimatch": {
            "version": "2.0.10",
            "resolved": "https://registry.npmjs.org/minimatch/-/minimatch-2.0.10.tgz",
            "integrity": "sha1-jQh8OcazjAAbl/ynzm0OHoCvusc=",
            "requires": {
                "brace-expansion": "^1.0.0"
            }
        },
        "minimist": {
            "version": "0.0.8",
            "resolved": "https://registry.npmjs.org/minimist/-/minimist-0.0.8.tgz",
            "integrity": "sha1-hX/Kv8M5fSYluCKCYuhqp6ARsF0=",
            "optional": true
        },
        "mkdirp": {
            "version": "0.5.1",
            "resolved": "https://registry.npmjs.org/mkdirp/-/mkdirp-0.5.1.tgz",
            "integrity": "sha1-MAV0OOrGz3+MR2fzhkjWaX11yQM=",
            "optional": true,
            "requires": {
                "minimist": "0.0.8"
            }
        },
        "node-uuid": {
            "version": "1.4.7",
            "resolved": "https://registry.npmjs.org/node-uuid/-/node-uuid-1.4.7.tgz",
            "integrity": "sha1-baWhdmjEs91ZYjvaEc9/pMH2Cm8=",
            "optional": true
        },
        "oauth-sign": {
            "version": "0.8.1",
            "resolved": "https://registry.npmjs.org/oauth-sign/-/oauth-sign-0.8.1.tgz",
            "integrity": "sha1-GCQ5vbkTeL90YOdcZOpD5kSN7wY=",
            "optional": true
        },
        "once": {
            "version": "1.3.2",
            "resolved": "https://registry.npmjs.org/once/-/once-1.3.2.tgz",
            "integrity": "sha1-2P7sqTsDnsHc3ud0HJK9rF4oCBs=",
            "requires": {
                "wrappy": "1"
            }
        },
        "pinkie": {
            "version": "2.0.4",
            "resolved": "https://registry.npmjs.org/pinkie/-/pinkie-2.0.4.tgz",
            "integrity": "sha1-clVrgM+g1IqXToDnckjoDtT3+HA=",
            "optional": true
        },
        "pinkie-promise": {
            "version": "2.0.0",
            "resolved": "https://registry.npmjs.org/pinkie-promise/-/pinkie-promise-2.0.0.tgz",
            "integrity": "sha1-TINTjeH25mDCngoTRGhE96foglk=",
            "optional": true,
            "requires": {
                "pinkie": "^2.0.0"
            }
        },
        "process-nextick-args": {
            "version": "1.0.6",
            "resolved": "https://registry.npmjs.org/process-nextick-args/-/process-nextick-args-1.0.6.tgz",
            "integrity": "sha1-D5awAc6pCxJZLOVm7bl+wR5pvQU=",
            "optional": true
        },
        "promise": {
            "version": "6.1.0",
            "resolved": "https://registry.npmjs.org/promise/-/promise-6.1.0.tgz",
            "integrity": "sha1-LOcp9rlLRcJoka0GAsXJDgTG7vY=",
            "optional": true,
            "requires": {
                "asap": "~1.0.0"
            }
        },
        "prr": {
            "version": "0.0.0",
            "resolved": "https://registry.npmjs.org/prr/-/prr-0.0.0.tgz",
            "integrity": "sha1-GoS4WQgyVQFBGFPQCB7j+obikmo=",
            "optional": true
        },
        "qs": {
            "version": "6.0.2",
            "resolved": "https://registry.npmjs.org/qs/-/qs-6.0.2.tgz",
            "integrity": "sha1-iMaNWQ6O1Wx2x581LBe5gkZqv80=",
            "optional": true
        },
        "readable-stream": {
            "version": "2.0.5",
            "resolved": "https://registry.npmjs.org/readable-stream/-/readable-stream-2.0.5.tgz",
            "integrity": "sha1-okJvjc1FUcd6M/lu3yiGojyClmk=",
            "optional": true,
            "requires": {
                "core-util-is": "~1.0.0",
                "inherits": "~2.0.1",
                "isarray": "0.0.1",
                "process-nextick-args": "~1.0.6",
                "string_decoder": "~0.10.x",
                "util-deprecate": "~1.0.1"
            }
        },
        "request": {
            "version": "2.69.0",
            "resolved": "https://registry.npmjs.org/request/-/request-2.69.0.tgz",
            "integrity": "sha1-z5HS4AB1KxIXFVwAUkGRGZGiNGo=",
            "optional": true,
            "requires": {
                "aws-sign2": "~0.6.0",
                "aws4": "^1.2.1",
                "bl": "~1.0.0",
                "caseless": "~0.11.0",
                "combined-stream": "~1.0.5",
                "extend": "~3.0.0",
                "forever-agent": "~0.6.1",
                "form-data": "~1.0.0-rc3",
                "har-validator": "~2.0.6",
                "hawk": "~3.1.0",
                "http-signature": "~1.1.0",
                "is-typedarray": "~1.0.0",
                "isstream": "~0.1.2",
                "json-stringify-safe": "~5.0.1",
                "mime-types": "~2.1.7",
                "node-uuid": "~1.4.7",
                "oauth-sign": "~0.8.0",
                "qs": "~6.0.2",
                "stringstream": "~0.0.4",
                "tough-cookie": "~2.2.0",
                "tunnel-agent": "~0.4.1"
            }
        },
        "rsvp": {
            "version": "3.2.1",
            "resolved": "https://registry.npmjs.org/rsvp/-/rsvp-3.2.1.tgz",
            "integrity": "sha1-B8tKXfJa3Z6Cbrxn3Mn9idsn2Eo="
        },
        "sntp": {
            "version": "1.0.9",
            "resolved": "https://registry.npmjs.org/sntp/-/sntp-1.0.9.tgz",
            "integrity": "sha1-ZUEYTMkK7qbG57NeJlkIJEPGYZg=",
            "optional": true,
            "requires": {
                "hoek": "2.x.x"
            }
        },
        "source-map": {
            "version": "0.4.4",
            "resolved": "https://registry.npmjs.org/source-map/-/source-map-0.4.4.tgz",
            "integrity": "sha1-66T12pwNyZneaAMti092FzZSA2s=",
            "optional": true,
            "requires": {
                "amdefine": ">=0.0.4"
            }
        },
        "source-map-support": {
            "version": "0.2.10",
            "resolved": "https://registry.npmjs.org/source-map-support/-/source-map-support-0.2.10.tgz",
            "integrity": "sha1-6lo5AKHByyUJagrozFwrSxDe09w=",
            "requires": {
                "source-map": "0.1.32"
            },
            "dependencies": {
                "source-map": {
                    "version": "0.1.32",
                    "resolved": "https://registry.npmjs.org/source-map/-/source-map-0.1.32.tgz",
                    "integrity": "sha1-yLbBZ3l7pHQKjqMyUhYv8IWRsmY=",
                    "requires": {
                        "amdefine": ">=0.0.4"
                    }
                }
            }
        },
        "sshpk": {
            "version": "1.7.4",
            "resolved": "https://registry.npmjs.org/sshpk/-/sshpk-1.7.4.tgz",
            "integrity": "sha1-rXtH3vymHIQV2WQkO2KwzmD7yjg=",
            "optional": true,
            "requires": {
                "asn1": ">=0.2.3 <0.3.0",
                "assert-plus": ">=0.2.0 <0.3.0",
                "dashdash": ">=1.10.1 <2.0.0",
                "ecc-jsbn": ">=0.0.1 <1.0.0",
                "jodid25519": ">=1.0.0 <2.0.0",
                "jsbn": ">=0.1.0 <0.2.0",
                "tweetnacl": ">=0.13.0 <1.0.0"
            }
        },
        "string_decoder": {
            "version": "0.10.31",
            "resolved": "https://registry.npmjs.org/string_decoder/-/string_decoder-0.10.31.tgz",
            "integrity": "sha1-YuIDvEF2bGwoyfyEMB2rHFMQ+pQ=",
            "optional": true
        },
        "stringstream": {
            "version": "0.0.5",
            "resolved": "https://registry.npmjs.org/stringstream/-/stringstream-0.0.5.tgz",
            "integrity": "sha1-TkhM1N5aC7vuGORjB3EKioFiGHg=",
            "optional": true
        },
        "strip-ansi": {
            "version": "3.0.0",
            "resolved": "https://registry.npmjs.org/strip-ansi/-/strip-ansi-3.0.0.tgz",
            "integrity": "sha1-dRC2ZVZ8qRTMtdfgcnY6yWi+NyQ=",
            "optional": true,
            "requires": {
                "ansi-regex": "^2.0.0"
            }
        },
        "supports-color": {
            "version": "2.0.0",
            "resolved": "https://registry.npmjs.org/supports-color/-/supports-color-2.0.0.tgz",
            "integrity": "sha1-U10EXOa2Nj+kARcIRimZXp3zJMc=",
            "optional": true
        },
        "tough-cookie": {
            "version": "2.2.1",
            "resolved": "https://registry.npmjs.org/tough-cookie/-/tough-cookie-2.2.1.tgz",
            "integrity": "sha1-OwUWt5nnDoFkQ2oURuflh3/aEY4=",
            "optional": true
        },
        "traceur": {
            "version": "0.0.102",
            "resolved": "https://registry.npmjs.org/traceur/-/traceur-0.0.102.tgz",
            "integrity": "sha1-zc2YQZzqwxRTuQZvT6Oqlywgb24=",
            "requires": {
                "commander": "2.6",
                "glob": "4.3",
                "rsvp": "^3.0.13",
                "semver": "4.3.2",
                "source-map-support": "~0.2.8"
            },
            "dependencies": {
                "glob": {
                    "version": "4.3.5",
                    "resolved": "https://registry.npmjs.org/glob/-/glob-4.3.5.tgz",
                    "integrity": "sha1-gPuwjKVA8jiszl0R0em8QedRc9M=",
                    "requires": {
                        "inflight": "^1.0.4",
                        "inherits": "2",
                        "minimatch": "^2.0.1",
                        "once": "^1.3.0"
                    }
                },
                "semver": {
                    "version": "4.3.2",
                    "resolved": "https://registry.npmjs.org/semver/-/semver-4.3.2.tgz",
                    "integrity": "sha1-x6BxWKgL7dBSNVt3DYLWZA+AO+c="
                }
            }
        },
        "tunnel-agent": {
            "version": "0.4.2",
            "resolved": "https://registry.npmjs.org/tunnel-agent/-/tunnel-agent-0.4.2.tgz",
            "integrity": "sha1-EQTj82rIcSXChycAZ9WC0YEzv+4=",
            "optional": true
        },
        "tweetnacl": {
            "version": "0.13.3",
            "resolved": "https://registry.npmjs.org/tweetnacl/-/tweetnacl-0.13.3.tgz",
            "integrity": "sha1-1ii1bzvMPVrnS6nUwacE3vWrS1Y=",
            "optional": true
        },
        "util-deprecate": {
            "version": "1.0.2",
            "resolved": "https://registry.npmjs.org/util-deprecate/-/util-deprecate-1.0.2.tgz",
            "integrity": "sha1-RQ1Nyfpw3nMnYvvS1KKJgUGaDM8=",
            "optional": true
        },
        "verror": {
            "version": "1.3.6",
            "resolved": "https://registry.npmjs.org/verror/-/verror-1.3.6.tgz",
            "integrity": "sha1-z/XfEpRtKX0rqu+qJoniW+AcAFw=",
            "optional": true,
            "requires": {
                "extsprintf": "1.0.2"
            }
        },
        "wrappy": {
            "version": "1.0.1",
            "resolved": "https://registry.npmjs.org/wrappy/-/wrappy-1.0.1.tgz",
            "integrity": "sha1-HmWWmWXMvC20VIxrhKbyxa7dRzk="
        },
        "xtend": {
            "version": "4.0.1",
            "resolved": "https://registry.npmjs.org/xtend/-/xtend-4.0.1.tgz",
            "integrity": "sha1-pcbVMr5lbiPbgg77lDofBJmNY68=",
            "optional": true
        }
    }
}
